
Microsoft Visual Studio Solution File, Format Version 12.00
# Visual Studio Version 16
VisualStudioVersion = 16.0.29123.88
MinimumVisualStudioVersion = 10.0.40219.1
Project("{888888A0-9F3D-457C-B088-3A5042F75D52}") = "bletl", "bletl\bletl.pyproj", "{928D9C1D-EC3D-49B3-AB01-1F6F2775396B}"
EndProject
Project("{2150E333-8FDC-42A3-9474-1A3956D46DE8}") = "Solution Items", "Solution Items", "{2FB3E390-A932-485C-B1B5-4B4B3DD78E18}"
	ProjectSection(SolutionItems) = preProject
		.gitignore = .gitignore
		.gitlab-ci.yml = .gitlab-ci.yml
		LICENSE.md = LICENSE.md
		Metadata.xlsx = Metadata.xlsx
		README.md = README.md
	EndProjectSection
EndProject
Project("{888888A0-9F3D-457C-B088-3A5042F75D52}") = "bletl_pro", "bletl_pro\bletl_pro.pyproj", "{9788C718-CEB7-42FB-B2AD-D7D86D57C353}"
EndProject
Project("{888888A0-9F3D-457C-B088-3A5042F75D52}") = "bletl_analysis", "bletl_analysis\bletl_analysis.pyproj", "{A5E8D0BF-C83A-4D74-97D4-E85D63DDBDF5}"
EndProject
Global
	GlobalSection(SolutionConfigurationPlatforms) = preSolution
		Debug|Any CPU = Debug|Any CPU
		Release|Any CPU = Release|Any CPU
	EndGlobalSection
	GlobalSection(ProjectConfigurationPlatforms) = postSolution
		{928D9C1D-EC3D-49B3-AB01-1F6F2775396B}.Debug|Any CPU.ActiveCfg = Debug|Any CPU
		{928D9C1D-EC3D-49B3-AB01-1F6F2775396B}.Release|Any CPU.ActiveCfg = Release|Any CPU
		{9788C718-CEB7-42FB-B2AD-D7D86D57C353}.Debug|Any CPU.ActiveCfg = Debug|Any CPU
		{9788C718-CEB7-42FB-B2AD-D7D86D57C353}.Release|Any CPU.ActiveCfg = Release|Any CPU
		{A5E8D0BF-C83A-4D74-97D4-E85D63DDBDF5}.Debug|Any CPU.ActiveCfg = Debug|Any CPU
		{A5E8D0BF-C83A-4D74-97D4-E85D63DDBDF5}.Release|Any CPU.ActiveCfg = Release|Any CPU
	EndGlobalSection
	GlobalSection(SolutionProperties) = preSolution
		HideSolutionNode = FALSE
	EndGlobalSection
	GlobalSection(ExtensibilityGlobals) = postSolution
		SolutionGuid = {F057A92D-BB2A-4087-999D-F3EB5A1F2792}
	EndGlobalSection
EndGlobal
